// !$*UTF8*$!
{
	archiveVersion = 1;
	classes = {
	};
	objectVersion = 50;
	objects = {

/* Begin PBXBuildFile section */
		4FBA572823466D3F0053F0A0 /* AppDelegate.swift in Sources */ = {isa = PBXBuildFile; fileRef = 4FBA572723466D3F0053F0A0 /* AppDelegate.swift */; };
		4FBA572A23466D3F0053F0A0 /* SceneDelegate.swift in Sources */ = {isa = PBXBuildFile; fileRef = 4FBA572923466D3F0053F0A0 /* SceneDelegate.swift */; };
		4FBA572C23466D3F0053F0A0 /* ViewController.swift in Sources */ = {isa = PBXBuildFile; fileRef = 4FBA572B23466D3F0053F0A0 /* ViewController.swift */; };
		4FBA572F23466D3F0053F0A0 /* Main.storyboard in Resources */ = {isa = PBXBuildFile; fileRef = 4FBA572D23466D3F0053F0A0 /* Main.storyboard */; };
		4FBA573123466D410053F0A0 /* Assets.xcassets in Resources */ = {isa = PBXBuildFile; fileRef = 4FBA573023466D410053F0A0 /* Assets.xcassets */; };
		4FBA573423466D410053F0A0 /* LaunchScreen.storyboard in Resources */ = {isa = PBXBuildFile; fileRef = 4FBA573223466D410053F0A0 /* LaunchScreen.storyboard */; };
		4FDE811E23477EC400A96A3E /* Delm-Medium.otf in Resources */ = {isa = PBXBuildFile; fileRef = 4FDE811C23477EC300A96A3E /* Delm-Medium.otf */; };
		4FDE811F23477EC400A96A3E /* ThirstySoftRegular.otf in Resources */ = {isa = PBXBuildFile; fileRef = 4FDE811D23477EC400A96A3E /* ThirstySoftRegular.otf */; };
/* End PBXBuildFile section */

/* Begin PBXFileReference section */
		4FBA572423466D3F0053F0A0 /* Instagrid.app */ = {isa = PBXFileReference; explicitFileType = wrapper.application; includeInIndex = 0; path = Instagrid.app; sourceTree = BUILT_PRODUCTS_DIR; };
		4FBA572723466D3F0053F0A0 /* AppDelegate.swift */ = {isa = PBXFileReference; lastKnownFileType = sourcecode.swift; path = AppDelegate.swift; sourceTree = "<group>"; };
		4FBA572923466D3F0053F0A0 /* SceneDelegate.swift */ = {isa = PBXFileReference; lastKnownFileType = sourcecode.swift; path = SceneDelegate.swift; sourceTree = "<group>"; };
		4FBA572B23466D3F0053F0A0 /* ViewController.swift */ = {isa = PBXFileReference; lastKnownFileType = sourcecode.swift; path = ViewController.swift; sourceTree = "<group>"; };
		4FBA572E23466D3F0053F0A0 /* Base */ = {isa = PBXFileReference; lastKnownFileType = file.storyboard; name = Base; path = Base.lproj/Main.storyboard; sourceTree = "<group>"; };
		4FBA573023466D410053F0A0 /* Assets.xcassets */ = {isa = PBXFileReference; lastKnownFileType = folder.assetcatalog; path = Assets.xcassets; sourceTree = "<group>"; };
		4FBA573323466D410053F0A0 /* Base */ = {isa = PBXFileReference; lastKnownFileType = file.storyboard; name = Base; path = Base.lproj/LaunchScreen.storyboard; sourceTree = "<group>"; };
		4FBA573523466D410053F0A0 /* Info.plist */ = {isa = PBXFileReference; lastKnownFileType = text.plist.xml; path = Info.plist; sourceTree = "<group>"; };
		4FDE811C23477EC300A96A3E /* Delm-Medium.otf */ = {isa = PBXFileReference; lastKnownFileType = file; name = "Delm-Medium.otf"; path = "Polices/Delm-Medium.otf"; sourceTree = "<group>"; };
		4FDE811D23477EC400A96A3E /* ThirstySoftRegular.otf */ = {isa = PBXFileReference; lastKnownFileType = file; name = ThirstySoftRegular.otf; path = Polices/ThirstySoftRegular.otf; sourceTree = "<group>"; };
/* End PBXFileReference section */

/* Begin PBXFrameworksBuildPhase section */
		4FBA572123466D3F0053F0A0 /* Frameworks */ = {
			isa = PBXFrameworksBuildPhase;
			buildActionMask = 2147483647;
			files = (
			);
			runOnlyForDeploymentPostprocessing = 0;
		};
/* End PBXFrameworksBuildPhase section */

/* Begin PBXGroup section */
		4FBA571B23466D3F0053F0A0 = {
			isa = PBXGroup;
			children = (
				4FBA572623466D3F0053F0A0 /* Instagrid */,
				4FBA572523466D3F0053F0A0 /* Products */,
			);
			sourceTree = "<group>";
		};
		4FBA572523466D3F0053F0A0 /* Products */ = {
			isa = PBXGroup;
			children = (
				4FBA572423466D3F0053F0A0 /* Instagrid.app */,
			);
			name = Products;
			sourceTree = "<group>";
		};
		4FBA572623466D3F0053F0A0 /* Instagrid */ = {
			isa = PBXGroup;
			children = (
				4FBA573B234672BC0053F0A0 /* Model */,
				4FBA573D234672D50053F0A0 /* View */,
				4FBA573C234672CF0053F0A0 /* Controlleur */,
				4FBA573E234672F00053F0A0 /* Supporting Files */,
			);
			path = Instagrid;
			sourceTree = "<group>";
		};
		4FBA573B234672BC0053F0A0 /* Model */ = {
			isa = PBXGroup;
			children = (
			);
			path = Model;
			sourceTree = "<group>";
		};
		4FBA573C234672CF0053F0A0 /* Controlleur */ = {
			isa = PBXGroup;
			children = (
				4FBA572B23466D3F0053F0A0 /* ViewController.swift */,
			);
			path = Controlleur;
			sourceTree = "<group>";
		};
		4FBA573D234672D50053F0A0 /* View */ = {
			isa = PBXGroup;
			children = (
				4FBA572D23466D3F0053F0A0 /* Main.storyboard */,
				4FBA573223466D410053F0A0 /* LaunchScreen.storyboard */,
			);
			path = View;
			sourceTree = "<group>";
		};
		4FBA573E234672F00053F0A0 /* Supporting Files */ = {
			isa = PBXGroup;
			children = (
				4FBA572723466D3F0053F0A0 /* AppDelegate.swift */,
				4FBA572923466D3F0053F0A0 /* SceneDelegate.swift */,
				4FBA573023466D410053F0A0 /* Assets.xcassets */,
				4FDE811C23477EC300A96A3E /* Delm-Medium.otf */,
				4FDE811D23477EC400A96A3E /* ThirstySoftRegular.otf */,
				4FBA573523466D410053F0A0 /* Info.plist */,
			);
			path = "Supporting Files";
			sourceTree = "<group>";
		};
/* End PBXGroup section */

/* Begin PBXNativeTarget section */
		4FBA572323466D3F0053F0A0 /* Instagrid */ = {
			isa = PBXNativeTarget;
			buildConfigurationList = 4FBA573823466D410053F0A0 /* Build configuration list for PBXNativeTarget "Instagrid" */;
			buildPhases = (
				4FBA572023466D3F0053F0A0 /* Sources */,
				4FBA572123466D3F0053F0A0 /* Frameworks */,
				4FBA572223466D3F0053F0A0 /* Resources */,
			);
			buildRules = (
			);
			dependencies = (
			);
			name = Instagrid;
			productName = Instagrid;
			productReference = 4FBA572423466D3F0053F0A0 /* Instagrid.app */;
			productType = "com.apple.product-type.application";
		};
/* End PBXNativeTarget section */

/* Begin PBXProject section */
		4FBA571C23466D3F0053F0A0 /* Project object */ = {
			isa = PBXProject;
			attributes = {
				LastSwiftUpdateCheck = 1100;
				LastUpgradeCheck = 1100;
				ORGANIZATIONNAME = "Gustav Berloty";
				TargetAttributes = {
					4FBA572323466D3F0053F0A0 = {
						CreatedOnToolsVersion = 11.0;
					};
				};
			};
			buildConfigurationList = 4FBA571F23466D3F0053F0A0 /* Build configuration list for PBXProject "Instagrid" */;
			compatibilityVersion = "Xcode 9.3";
			developmentRegion = en;
			hasScannedForEncodings = 0;
			knownRegions = (
				en,
				Base,
			);
			mainGroup = 4FBA571B23466D3F0053F0A0;
			productRefGroup = 4FBA572523466D3F0053F0A0 /* Products */;
			projectDirPath = "";
			projectRoot = "";
			targets = (
				4FBA572323466D3F0053F0A0 /* Instagrid */,
			);
		};
/* End PBXProject section */

/* Begin PBXResourcesBuildPhase section */
		4FBA572223466D3F0053F0A0 /* Resources */ = {
			isa = PBXResourcesBuildPhase;
			buildActionMask = 2147483647;
			files = (
				4FBA573423466D410053F0A0 /* LaunchScreen.storyboard in Resources */,
				4FBA573123466D410053F0A0 /* Assets.xcassets in Resources */,
				4FDE811F23477EC400A96A3E /* ThirstySoftRegular.otf in Resources */,
				4FDE811E23477EC400A96A3E /* Delm-Medium.otf in Resources */,
				4FBA572F23466D3F0053F0A0 /* Main.storyboard in Resources */,
			);
			runOnlyForDeploymentPostprocessing = 0;
		};
/* End PBXResourcesBuildPhase section */

/* Begin PBXSourcesBuildPhase section */
		4FBA572023466D3F0053F0A0 /* Sources */ = {
			isa = PBXSourcesBuildPhase;
			buildActionMask = 2147483647;
			files = (
				4FBA572C23466D3F0053F0A0 /* ViewController.swift in Sources */,
				4FBA572823466D3F0053F0A0 /* AppDelegate.swift in Sources */,
				4FBA572A23466D3F0053F0A0 /* SceneDelegate.swift in Sources */,
			);
			runOnlyForDeploymentPostprocessing = 0;
		};
/* End PBXSourcesBuildPhase section */

/* Begin PBXVariantGroup section */
		4FBA572D23466D3F0053F0A0 /* Main.storyboard */ = {
			isa = PBXVariantGroup;
			children = (
				4FBA572E23466D3F0053F0A0 /* Base */,
			);
			name = Main.storyboard;
			sourceTree = "<group>";
		};
		4FBA573223466D410053F0A0 /* LaunchScreen.storyboard */ = {
			isa = PBXVariantGroup;
			children = (
				4FBA573323466D410053F0A0 /* Base */,
			);
			name = LaunchScreen.storyboard;
			sourceTree = "<group>";
		};
/* End PBXVariantGroup section */

/* Begin XCBuildConfiguration section */
		4FBA573623466D410053F0A0 /* Debug */ = {
			isa = XCBuildConfiguration;
			buildSettings = {
				ALWAYS_SEARCH_USER_PATHS = NO;
				CLANG_ANALYZER_NONNULL = YES;
				CLANG_ANALYZER_NUMBER_OBJECT_CONVERSION = YES_AGGRESSIVE;
				CLANG_CXX_LANGUAGE_STANDARD = "gnu++14";
				CLANG_CXX_LIBRARY = "libc++";
				CLANG_ENABLE_MODULES = YES;
				CLANG_ENABLE_OBJC_ARC = YES;
				CLANG_ENABLE_OBJC_WEAK = YES;
				CLANG_WARN_BLOCK_CAPTURE_AUTORELEASING = YES;
				CLANG_WARN_BOOL_CONVERSION = YES;
				CLANG_WARN_COMMA = YES;
				CLANG_WARN_CONSTANT_CONVERSION = YES;
				CLANG_WARN_DEPRECATED_OBJC_IMPLEMENTATIONS = YES;
				CLANG_WARN_DIRECT_OBJC_ISA_USAGE = YES_ERROR;
				CLANG_WARN_DOCUMENTATION_COMMENTS = YES;
				CLANG_WARN_EMPTY_BODY = YES;
				CLANG_WARN_ENUM_CONVERSION = YES;
				CLANG_WARN_INFINITE_RECURSION = YES;
				CLANG_WARN_INT_CONVERSION = YES;
				CLANG_WARN_NON_LITERAL_NULL_CONVERSION = YES;
				CLANG_WARN_OBJC_IMPLICIT_RETAIN_SELF = YES;
				CLANG_WARN_OBJC_LITERAL_CONVERSION = YES;
				CLANG_WARN_OBJC_ROOT_CLASS = YES_ERROR;
				CLANG_WARN_RANGE_LOOP_ANALYSIS = YES;
				CLANG_WARN_STRICT_PROTOTYPES = YES;
				CLANG_WARN_SUSPICIOUS_MOVE = YES;
				CLANG_WARN_UNGUARDED_AVAILABILITY = YES_AGGRESSIVE;
				CLANG_WARN_UNREACHABLE_CODE = YES;
				CLANG_WARN__DUPLICATE_METHOD_MATCH = YES;
				COPY_PHASE_STRIP = NO;
				DEBUG_INFORMATION_FORMAT = dwarf;
				ENABLE_STRICT_OBJC_MSGSEND = YES;
				ENABLE_TESTABILITY = YES;
				GCC_C_LANGUAGE_STANDARD = gnu11;
				GCC_DYNAMIC_NO_PIC = NO;
				GCC_NO_COMMON_BLOCKS = YES;
				GCC_OPTIMIZATION_LEVEL = 0;
				GCC_PREPROCESSOR_DEFINITIONS = (
					"DEBUG=1",
					"$(inherited)",
				);
				GCC_WARN_64_TO_32_BIT_CONVERSION = YES;
				GCC_WARN_ABOUT_RETURN_TYPE = YES_ERROR;
				GCC_WARN_UNDECLARED_SELECTOR = YES;
				GCC_WARN_UNINITIALIZED_AUTOS = YES_AGGRESSIVE;
				GCC_WARN_UNUSED_FUNCTION = YES;
				GCC_WARN_UNUSED_VARIABLE = YES;
				IPHONEOS_DEPLOYMENT_TARGET = 11.0;
				MTL_ENABLE_DEBUG_INFO = INCLUDE_SOURCE;
				MTL_FAST_MATH = YES;
				ONLY_ACTIVE_ARCH = YES;
				SDKROOT = iphoneos;
				SWIFT_ACTIVE_COMPILATION_CONDITIONS = DEBUG;
				SWIFT_OPTIMIZATION_LEVEL = "-Onone";
			};
			name = Debug;
		};
		4FBA573723466D410053F0A0 /* Release */ = {
			isa = XCBuildConfiguration;
			buildSettings = {
				ALWAYS_SEARCH_USER_PATHS = NO;
				CLANG_ANALYZER_NONNULL = YES;
				CLANG_ANALYZER_NUMBER_OBJECT_CONVERSION = YES_AGGRESSIVE;
				CLANG_CXX_LANGUAGE_STANDARD = "gnu++14";
				CLANG_CXX_LIBRARY = "libc++";
				CLANG_ENABLE_MODULES = YES;
				CLANG_ENABLE_OBJC_ARC = YES;
				CLANG_ENABLE_OBJC_WEAK = YES;
				CLANG_WARN_BLOCK_CAPTURE_AUTORELEASING = YES;
				CLANG_WARN_BOOL_CONVERSION = YES;
				CLANG_WARN_COMMA = YES;
				CLANG_WARN_CONSTANT_CONVERSION = YES;
				CLANG_WARN_DEPRECATED_OBJC_IMPLEMENTATIONS = YES;
				CLANG_WARN_DIRECT_OBJC_ISA_USAGE = YES_ERROR;
				CLANG_WARN_DOCUMENTATION_COMMENTS = YES;
				CLANG_WARN_EMPTY_BODY = YES;
				CLANG_WARN_ENUM_CONVERSION = YES;
				CLANG_WARN_INFINITE_RECURSION = YES;
				CLANG_WARN_INT_CONVERSION = YES;
				CLANG_WARN_NON_LITERAL_NULL_CONVERSION = YES;
				CLANG_WARN_OBJC_IMPLICIT_RETAIN_SELF = YES;
				CLANG_WARN_OBJC_LITERAL_CONVERSION = YES;
				CLANG_WARN_OBJC_ROOT_CLASS = YES_ERROR;
				CLANG_WARN_RANGE_LOOP_ANALYSIS = YES;
				CLANG_WARN_STRICT_PROTOTYPES = YES;
				CLANG_WARN_SUSPICIOUS_MOVE = YES;
				CLANG_WARN_UNGUARDED_AVAILABILITY = YES_AGGRESSIVE;
				CLANG_WARN_UNREACHABLE_CODE = YES;
				CLANG_WARN__DUPLICATE_METHOD_MATCH = YES;
				COPY_PHASE_STRIP = NO;
				DEBUG_INFORMATION_FORMAT = "dwarf-with-dsym";
				ENABLE_NS_ASSERTIONS = NO;
				ENABLE_STRICT_OBJC_MSGSEND = YES;
				GCC_C_LANGUAGE_STANDARD = gnu11;
				GCC_NO_COMMON_BLOCKS = YES;
				GCC_WARN_64_TO_32_BIT_CONVERSION = YES;
				GCC_WARN_ABOUT_RETURN_TYPE = YES_ERROR;
				GCC_WARN_UNDECLARED_SELECTOR = YES;
				GCC_WARN_UNINITIALIZED_AUTOS = YES_AGGRESSIVE;
				GCC_WARN_UNUSED_FUNCTION = YES;
				GCC_WARN_UNUSED_VARIABLE = YES;
				IPHONEOS_DEPLOYMENT_TARGET = 11.0;
				MTL_ENABLE_DEBUG_INFO = NO;
				MTL_FAST_MATH = YES;
				SDKROOT = iphoneos;
				SWIFT_COMPILATION_MODE = wholemodule;
				SWIFT_OPTIMIZATION_LEVEL = "-O";
				VALIDATE_PRODUCT = YES;
			};
			name = Release;
		};
		4FBA573923466D410053F0A0 /* Debug */ = {
			isa = XCBuildConfiguration;
			buildSettings = {
				ASSETCATALOG_COMPILER_APPICON_NAME = AppIcon;
				CODE_SIGN_STYLE = Automatic;
				DEVELOPMENT_TEAM = 3KQMJ8RW9C;
				INFOPLIST_FILE = "$(SRCROOT)/Instagrid/Supporting Files/Info.plist";
				IPHONEOS_DEPLOYMENT_TARGET = 11.0;
				LD_RUNPATH_SEARCH_PATHS = (
					"$(inherited)",
					"@executable_path/Frameworks",
				);
				PRODUCT_BUNDLE_IDENTIFIER = CoursOpenclassrooms.Instagrid;
				PRODUCT_NAME = "$(TARGET_NAME)";
				SWIFT_VERSION = 5.0;
				TARGETED_DEVICE_FAMILY = "1,2";
			};
			name = Debug;
		};
		4FBA573A23466D410053F0A0 /* Release */ = {
			isa = XCBuildConfiguration;
			buildSettings = {
				ASSETCATALOG_COMPILER_APPICON_NAME = AppIcon;
				CODE_SIGN_STYLE = Automatic;
				DEVELOPMENT_TEAM = 3KQMJ8RW9C;
				INFOPLIST_FILE = "$(SRCROOT)/Instagrid/Supporting Files/Info.plist";
				IPHONEOS_DEPLOYMENT_TARGET = 11.0;
				LD_RUNPATH_SEARCH_PATHS = (
					"$(inherited)",
					"@executable_path/Frameworks",
				);
				PRODUCT_BUNDLE_IDENTIFIER = CoursOpenclassrooms.Instagrid;
				PRODUCT_NAME = "$(TARGET_NAME)";
				SWIFT_VERSION = 5.0;
				TARGETED_DEVICE_FAMILY = "1,2";
			};
			name = Release;
		};
/* End XCBuildConfiguration section */

/* Begin XCConfigurationList section */
		4FBA571F23466D3F0053F0A0 /* Build configuration list for PBXProject "Instagrid" */ = {
			isa = XCConfigurationList;
			buildConfigurations = (
				4FBA573623466D410053F0A0 /* Debug */,
				4FBA573723466D410053F0A0 /* Release */,
			);
			defaultConfigurationIsVisible = 0;
			defaultConfigurationName = Release;
		};
		4FBA573823466D410053F0A0 /* Build configuration list for PBXNativeTarget "Instagrid" */ = {
			isa = XCConfigurationList;
			buildConfigurations = (
				4FBA573923466D410053F0A0 /* Debug */,
				4FBA573A23466D410053F0A0 /* Release */,
			);
			defaultConfigurationIsVisible = 0;
			defaultConfigurationName = Release;
		};
/* End XCConfigurationList section */
	};
	rootObject = 4FBA571C23466D3F0053F0A0 /* Project object */;
}
